// !$*UTF8*$!
{
	archiveVersion = 1;
	classes = {
	};
	objectVersion = 50;
	objects = {

/* Begin PBXBuildFile section */
		A7F2AE85252A2B3A00103E1B /* Card_ViewerApp.swift in Sources */ = {isa = PBXBuildFile; fileRef = A7F2AE84252A2B3A00103E1B /* Card_ViewerApp.swift */; };
		A7F2AE87252A2B3A00103E1B /* ContentView.swift in Sources */ = {isa = PBXBuildFile; fileRef = A7F2AE86252A2B3A00103E1B /* ContentView.swift */; };
		A7F2AE89252A2B3B00103E1B /* Assets.xcassets in Resources */ = {isa = PBXBuildFile; fileRef = A7F2AE88252A2B3B00103E1B /* Assets.xcassets */; };
		A7F2AE8C252A2B3B00103E1B /* Preview Assets.xcassets in Resources */ = {isa = PBXBuildFile; fileRef = A7F2AE8B252A2B3B00103E1B /* Preview Assets.xcassets */; };
		A7F2AE97252A2B3B00103E1B /* Card_ViewerTests.swift in Sources */ = {isa = PBXBuildFile; fileRef = A7F2AE96252A2B3B00103E1B /* Card_ViewerTests.swift */; };
		A7F2AEA2252A2B3B00103E1B /* Card_ViewerUITests.swift in Sources */ = {isa = PBXBuildFile; fileRef = A7F2AEA1252A2B3B00103E1B /* Card_ViewerUITests.swift */; };
		A7F2AEB3252A2BF000103E1B /* Home.swift in Sources */ = {isa = PBXBuildFile; fileRef = A7F2AEB2252A2BF000103E1B /* Home.swift */; };
		A7F2AEBB252A2C1B00103E1B /* SampleData.swift in Sources */ = {isa = PBXBuildFile; fileRef = A7F2AEBA252A2C1B00103E1B /* SampleData.swift */; };
/* End PBXBuildFile section */

/* Begin PBXContainerItemProxy section */
		A7F2AE93252A2B3B00103E1B /* PBXContainerItemProxy */ = {
			isa = PBXContainerItemProxy;
			containerPortal = A7F2AE79252A2B3A00103E1B /* Project object */;
			proxyType = 1;
			remoteGlobalIDString = A7F2AE80252A2B3A00103E1B;
			remoteInfo = "Card Viewer";
		};
		A7F2AE9E252A2B3B00103E1B /* PBXContainerItemProxy */ = {
			isa = PBXContainerItemProxy;
			containerPortal = A7F2AE79252A2B3A00103E1B /* Project object */;
			proxyType = 1;
			remoteGlobalIDString = A7F2AE80252A2B3A00103E1B;
			remoteInfo = "Card Viewer";
		};
/* End PBXContainerItemProxy section */

/* Begin PBXFileReference section */
		A7F2AE81252A2B3A00103E1B /* Card Viewer.app */ = {isa = PBXFileReference; explicitFileType = wrapper.application; includeInIndex = 0; path = "Card Viewer.app"; sourceTree = BUILT_PRODUCTS_DIR; };
		A7F2AE84252A2B3A00103E1B /* Card_ViewerApp.swift */ = {isa = PBXFileReference; lastKnownFileType = sourcecode.swift; path = Card_ViewerApp.swift; sourceTree = "<group>"; };
		A7F2AE86252A2B3A00103E1B /* ContentView.swift */ = {isa = PBXFileReference; lastKnownFileType = sourcecode.swift; path = ContentView.swift; sourceTree = "<group>"; };
		A7F2AE88252A2B3B00103E1B /* Assets.xcassets */ = {isa = PBXFileReference; lastKnownFileType = folder.assetcatalog; path = Assets.xcassets; sourceTree = "<group>"; };
		A7F2AE8B252A2B3B00103E1B /* Preview Assets.xcassets */ = {isa = PBXFileReference; lastKnownFileType = folder.assetcatalog; path = "Preview Assets.xcassets"; sourceTree = "<group>"; };
		A7F2AE8D252A2B3B00103E1B /* Info.plist */ = {isa = PBXFileReference; lastKnownFileType = text.plist.xml; path = Info.plist; sourceTree = "<group>"; };
		A7F2AE92252A2B3B00103E1B /* Card ViewerTests.xctest */ = {isa = PBXFileReference; explicitFileType = wrapper.cfbundle; includeInIndex = 0; path = "Card ViewerTests.xctest"; sourceTree = BUILT_PRODUCTS_DIR; };
		A7F2AE96252A2B3B00103E1B /* Card_ViewerTests.swift */ = {isa = PBXFileReference; lastKnownFileType = sourcecode.swift; path = Card_ViewerTests.swift; sourceTree = "<group>"; };
		A7F2AE98252A2B3B00103E1B /* Info.plist */ = {isa = PBXFileReference; lastKnownFileType = text.plist.xml; path = Info.plist; sourceTree = "<group>"; };
		A7F2AE9D252A2B3B00103E1B /* Card ViewerUITests.xctest */ = {isa = PBXFileReference; explicitFileType = wrapper.cfbundle; includeInIndex = 0; path = "Card ViewerUITests.xctest"; sourceTree = BUILT_PRODUCTS_DIR; };
		A7F2AEA1252A2B3B00103E1B /* Card_ViewerUITests.swift */ = {isa = PBXFileReference; lastKnownFileType = sourcecode.swift; path = Card_ViewerUITests.swift; sourceTree = "<group>"; };
		A7F2AEA3252A2B3B00103E1B /* Info.plist */ = {isa = PBXFileReference; lastKnownFileType = text.plist.xml; path = Info.plist; sourceTree = "<group>"; };
		A7F2AEB2252A2BF000103E1B /* Home.swift */ = {isa = PBXFileReference; lastKnownFileType = sourcecode.swift; path = Home.swift; sourceTree = "<group>"; };
		A7F2AEBA252A2C1B00103E1B /* SampleData.swift */ = {isa = PBXFileReference; lastKnownFileType = sourcecode.swift; path = SampleData.swift; sourceTree = "<group>"; };
/* End PBXFileReference section */

/* Begin PBXFrameworksBuildPhase section */
		A7F2AE7E252A2B3A00103E1B /* Frameworks */ = {
			isa = PBXFrameworksBuildPhase;
			buildActionMask = 2147483647;
			files = (
			);
			runOnlyForDeploymentPostprocessing = 0;
		};
		A7F2AE8F252A2B3B00103E1B /* Frameworks */ = {
			isa = PBXFrameworksBuildPhase;
			buildActionMask = 2147483647;
			files = (
			);
			runOnlyForDeploymentPostprocessing = 0;
		};
		A7F2AE9A252A2B3B00103E1B /* Frameworks */ = {
			isa = PBXFrameworksBuildPhase;
			buildActionMask = 2147483647;
			files = (
			);
			runOnlyForDeploymentPostprocessing = 0;
		};
/* End PBXFrameworksBuildPhase section */

/* Begin PBXGroup section */
		A7F2AE78252A2B3A00103E1B = {
			isa = PBXGroup;
			children = (
				A7F2AE83252A2B3A00103E1B /* Card Viewer */,
				A7F2AE95252A2B3B00103E1B /* Card ViewerTests */,
				A7F2AEA0252A2B3B00103E1B /* Card ViewerUITests */,
				A7F2AE82252A2B3A00103E1B /* Products */,
			);
			sourceTree = "<group>";
		};
		A7F2AE82252A2B3A00103E1B /* Products */ = {
			isa = PBXGroup;
			children = (
				A7F2AE81252A2B3A00103E1B /* Card Viewer.app */,
				A7F2AE92252A2B3B00103E1B /* Card ViewerTests.xctest */,
				A7F2AE9D252A2B3B00103E1B /* Card ViewerUITests.xctest */,
			);
			name = Products;
			sourceTree = "<group>";
		};
		A7F2AE83252A2B3A00103E1B /* Card Viewer */ = {
			isa = PBXGroup;
			children = (
				A7F2AE84252A2B3A00103E1B /* Card_ViewerApp.swift */,
				A7F2AE86252A2B3A00103E1B /* ContentView.swift */,
				A7F2AEB2252A2BF000103E1B /* Home.swift */,
				A7F2AEBA252A2C1B00103E1B /* SampleData.swift */,
				A7F2AE88252A2B3B00103E1B /* Assets.xcassets */,
				A7F2AE8D252A2B3B00103E1B /* Info.plist */,
				A7F2AE8A252A2B3B00103E1B /* Preview Content */,
			);
			path = "Card Viewer";
			sourceTree = "<group>";
		};
		A7F2AE8A252A2B3B00103E1B /* Preview Content */ = {
			isa = PBXGroup;
			children = (
				A7F2AE8B252A2B3B00103E1B /* Preview Assets.xcassets */,
			);
			path = "Preview Content";
			sourceTree = "<group>";
		};
		A7F2AE95252A2B3B00103E1B /* Card ViewerTests */ = {
			isa = PBXGroup;
			children = (
				A7F2AE96252A2B3B00103E1B /* Card_ViewerTests.swift */,
				A7F2AE98252A2B3B00103E1B /* Info.plist */,
			);
			path = "Card ViewerTests";
			sourceTree = "<group>";
		};
		A7F2AEA0252A2B3B00103E1B /* Card ViewerUITests */ = {
			isa = PBXGroup;
			children = (
				A7F2AEA1252A2B3B00103E1B /* Card_ViewerUITests.swift */,
				A7F2AEA3252A2B3B00103E1B /* Info.plist */,
			);
			path = "Card ViewerUITests";
			sourceTree = "<group>";
		};
/* End PBXGroup section */

/* Begin PBXNativeTarget section */
		A7F2AE80252A2B3A00103E1B /* Card Viewer */ = {
			isa = PBXNativeTarget;
			buildConfigurationList = A7F2AEA6252A2B3B00103E1B /* Build configuration list for PBXNativeTarget "Card Viewer" */;
			buildPhases = (
				A7F2AE7D252A2B3A00103E1B /* Sources */,
				A7F2AE7E252A2B3A00103E1B /* Frameworks */,
				A7F2AE7F252A2B3A00103E1B /* Resources */,
			);
			buildRules = (
			);
			dependencies = (
			);
			name = "Card Viewer";
			productName = "Card Viewer";
			productReference = A7F2AE81252A2B3A00103E1B /* Card Viewer.app */;
			productType = "com.apple.product-type.application";
		};
		A7F2AE91252A2B3B00103E1B /* Card ViewerTests */ = {
			isa = PBXNativeTarget;
			buildConfigurationList = A7F2AEA9252A2B3B00103E1B /* Build configuration list for PBXNativeTarget "Card ViewerTests" */;
			buildPhases = (
				A7F2AE8E252A2B3B00103E1B /* Sources */,
				A7F2AE8F252A2B3B00103E1B /* Frameworks */,
				A7F2AE90252A2B3B00103E1B /* Resources */,
			);
			buildRules = (
			);
			dependencies = (
				A7F2AE94252A2B3B00103E1B /* PBXTargetDependency */,
			);
			name = "Card ViewerTests";
			productName = "Card ViewerTests";
			productReference = A7F2AE92252A2B3B00103E1B /* Card ViewerTests.xctest */;
			productType = "com.apple.product-type.bundle.unit-test";
		};
		A7F2AE9C252A2B3B00103E1B /* Card ViewerUITests */ = {
			isa = PBXNativeTarget;
			buildConfigurationList = A7F2AEAC252A2B3B00103E1B /* Build configuration list for PBXNativeTarget "Card ViewerUITests" */;
			buildPhases = (
				A7F2AE99252A2B3B00103E1B /* Sources */,
				A7F2AE9A252A2B3B00103E1B /* Frameworks */,
				A7F2AE9B252A2B3B00103E1B /* Resources */,
			);
			buildRules = (
			);
			dependencies = (
				A7F2AE9F252A2B3B00103E1B /* PBXTargetDependency */,
			);
			name = "Card ViewerUITests";
			productName = "Card ViewerUITests";
			productReference = A7F2AE9D252A2B3B00103E1B /* Card ViewerUITests.xctest */;
			productType = "com.apple.product-type.bundle.ui-testing";
		};
/* End PBXNativeTarget section */

/* Begin PBXProject section */
		A7F2AE79252A2B3A00103E1B /* Project object */ = {
			isa = PBXProject;
			attributes = {
				LastSwiftUpdateCheck = 1200;
				LastUpgradeCheck = 1200;
				TargetAttributes = {
					A7F2AE80252A2B3A00103E1B = {
						CreatedOnToolsVersion = 12.0.1;
					};
					A7F2AE91252A2B3B00103E1B = {
						CreatedOnToolsVersion = 12.0.1;
						TestTargetID = A7F2AE80252A2B3A00103E1B;
					};
					A7F2AE9C252A2B3B00103E1B = {
						CreatedOnToolsVersion = 12.0.1;
						TestTargetID = A7F2AE80252A2B3A00103E1B;
					};
				};
			};
			buildConfigurationList = A7F2AE7C252A2B3A00103E1B /* Build configuration list for PBXProject "Card Viewer" */;
			compatibilityVersion = "Xcode 9.3";
			developmentRegion = en;
			hasScannedForEncodings = 0;
			knownRegions = (
				en,
				Base,
			);
			mainGroup = A7F2AE78252A2B3A00103E1B;
			productRefGroup = A7F2AE82252A2B3A00103E1B /* Products */;
			projectDirPath = "";
			projectRoot = "";
			targets = (
				A7F2AE80252A2B3A00103E1B /* Card Viewer */,
				A7F2AE91252A2B3B00103E1B /* Card ViewerTests */,
				A7F2AE9C252A2B3B00103E1B /* Card ViewerUITests */,
			);
		};
/* End PBXProject section */

/* Begin PBXResourcesBuildPhase section */
		A7F2AE7F252A2B3A00103E1B /* Resources */ = {
			isa = PBXResourcesBuildPhase;
			buildActionMask = 2147483647;
			files = (
				A7F2AE8C252A2B3B00103E1B /* Preview Assets.xcassets in Resources */,
				A7F2AE89252A2B3B00103E1B /* Assets.xcassets in Resources */,
			);
			runOnlyForDeploymentPostprocessing = 0;
		};
		A7F2AE90252A2B3B00103E1B /* Resources */ = {
			isa = PBXResourcesBuildPhase;
			buildActionMask = 2147483647;
			files = (
			);
			runOnlyForDeploymentPostprocessing = 0;
		};
		A7F2AE9B252A2B3B00103E1B /* Resources */ = {
			isa = PBXResourcesBuildPhase;
			buildActionMask = 2147483647;
			files = (
			);
			runOnlyForDeploymentPostprocessing = 0;
		};
/* End PBXResourcesBuildPhase section */

/* Begin PBXSourcesBuildPhase section */
		A7F2AE7D252A2B3A00103E1B /* Sources */ = {
			isa = PBXSourcesBuildPhase;
			buildActionMask = 2147483647;
			files = (
				A7F2AE87252A2B3A00103E1B /* ContentView.swift in Sources */,
				A7F2AE85252A2B3A00103E1B /* Card_ViewerApp.swift in Sources */,
				A7F2AEB3252A2BF000103E1B /* Home.swift in Sources */,
				A7F2AEBB252A2C1B00103E1B /* SampleData.swift in Sources */,
			);
			runOnlyForDeploymentPostprocessing = 0;
		};
		A7F2AE8E252A2B3B00103E1B /* Sources */ = {
			isa = PBXSourcesBuildPhase;
			buildActionMask = 2147483647;
			files = (
				A7F2AE97252A2B3B00103E1B /* Card_ViewerTests.swift in Sources */,
			);
			runOnlyForDeploymentPostprocessing = 0;
		};
		A7F2AE99252A2B3B00103E1B /* Sources */ = {
			isa = PBXSourcesBuildPhase;
			buildActionMask = 2147483647;
			files = (
				A7F2AEA2252A2B3B00103E1B /* Card_ViewerUITests.swift in Sources */,
			);
			runOnlyForDeploymentPostprocessing = 0;
		};
/* End PBXSourcesBuildPhase section */

/* Begin PBXTargetDependency section */
		A7F2AE94252A2B3B00103E1B /* PBXTargetDependency */ = {
			isa = PBXTargetDependency;
			target = A7F2AE80252A2B3A00103E1B /* Card Viewer */;
			targetProxy = A7F2AE93252A2B3B00103E1B /* PBXContainerItemProxy */;
		};
		A7F2AE9F252A2B3B00103E1B /* PBXTargetDependency */ = {
			isa = PBXTargetDependency;
			target = A7F2AE80252A2B3A00103E1B /* Card Viewer */;
			targetProxy = A7F2AE9E252A2B3B00103E1B /* PBXContainerItemProxy */;
		};
/* End PBXTargetDependency section */

/* Begin XCBuildConfiguration section */
		A7F2AEA4252A2B3B00103E1B /* Debug */ = {
			isa = XCBuildConfiguration;
			buildSettings = {
				ALWAYS_SEARCH_USER_PATHS = NO;
				CLANG_ANALYZER_NONNULL = YES;
				CLANG_ANALYZER_NUMBER_OBJECT_CONVERSION = YES_AGGRESSIVE;
				CLANG_CXX_LANGUAGE_STANDARD = "gnu++14";
				CLANG_CXX_LIBRARY = "libc++";
				CLANG_ENABLE_MODULES = YES;
				CLANG_ENABLE_OBJC_ARC = YES;
				CLANG_ENABLE_OBJC_WEAK = YES;
				CLANG_WARN_BLOCK_CAPTURE_AUTORELEASING = YES;
				CLANG_WARN_BOOL_CONVERSION = YES;
				CLANG_WARN_COMMA = YES;
				CLANG_WARN_CONSTANT_CONVERSION = YES;
				CLANG_WARN_DEPRECATED_OBJC_IMPLEMENTATIONS = YES;
				CLANG_WARN_DIRECT_OBJC_ISA_USAGE = YES_ERROR;
				CLANG_WARN_DOCUMENTATION_COMMENTS = YES;
				CLANG_WARN_EMPTY_BODY = YES;
				CLANG_WARN_ENUM_CONVERSION = YES;
				CLANG_WARN_INFINITE_RECURSION = YES;
				CLANG_WARN_INT_CONVERSION = YES;
				CLANG_WARN_NON_LITERAL_NULL_CONVERSION = YES;
				CLANG_WARN_OBJC_IMPLICIT_RETAIN_SELF = YES;
				CLANG_WARN_OBJC_LITERAL_CONVERSION = YES;
				CLANG_WARN_OBJC_ROOT_CLASS = YES_ERROR;
				CLANG_WARN_QUOTED_INCLUDE_IN_FRAMEWORK_HEADER = YES;
				CLANG_WARN_RANGE_LOOP_ANALYSIS = YES;
				CLANG_WARN_STRICT_PROTOTYPES = YES;
				CLANG_WARN_SUSPICIOUS_MOVE = YES;
				CLANG_WARN_UNGUARDED_AVAILABILITY = YES_AGGRESSIVE;
				CLANG_WARN_UNREACHABLE_CODE = YES;
				CLANG_WARN__DUPLICATE_METHOD_MATCH = YES;
				COPY_PHASE_STRIP = NO;
				DEBUG_INFORMATION_FORMAT = dwarf;
				ENABLE_STRICT_OBJC_MSGSEND = YES;
				ENABLE_TESTABILITY = YES;
				GCC_C_LANGUAGE_STANDARD = gnu11;
				GCC_DYNAMIC_NO_PIC = NO;
				GCC_NO_COMMON_BLOCKS = YES;
				GCC_OPTIMIZATION_LEVEL = 0;
				GCC_PREPROCESSOR_DEFINITIONS = (
					"DEBUG=1",
					"$(inherited)",
				);
				GCC_WARN_64_TO_32_BIT_CONVERSION = YES;
				GCC_WARN_ABOUT_RETURN_TYPE = YES_ERROR;
				GCC_WARN_UNDECLARED_SELECTOR = YES;
				GCC_WARN_UNINITIALIZED_AUTOS = YES_AGGRESSIVE;
				GCC_WARN_UNUSED_FUNCTION = YES;
				GCC_WARN_UNUSED_VARIABLE = YES;
				IPHONEOS_DEPLOYMENT_TARGET = 14.0;
				MTL_ENABLE_DEBUG_INFO = INCLUDE_SOURCE;
				MTL_FAST_MATH = YES;
				ONLY_ACTIVE_ARCH = YES;
				SDKROOT = iphoneos;
				SWIFT_ACTIVE_COMPILATION_CONDITIONS = DEBUG;
				SWIFT_OPTIMIZATION_LEVEL = "-Onone";
			};
			name = Debug;
		};
		A7F2AEA5252A2B3B00103E1B /* Release */ = {
			isa = XCBuildConfiguration;
			buildSettings = {
				ALWAYS_SEARCH_USER_PATHS = NO;
				CLANG_ANALYZER_NONNULL = YES;
				CLANG_ANALYZER_NUMBER_OBJECT_CONVERSION = YES_AGGRESSIVE;
				CLANG_CXX_LANGUAGE_STANDARD = "gnu++14";
				CLANG_CXX_LIBRARY = "libc++";
				CLANG_ENABLE_MODULES = YES;
				CLANG_ENABLE_OBJC_ARC = YES;
				CLANG_ENABLE_OBJC_WEAK = YES;
				CLANG_WARN_BLOCK_CAPTURE_AUTORELEASING = YES;
				CLANG_WARN_BOOL_CONVERSION = YES;
				CLANG_WARN_COMMA = YES;
				CLANG_WARN_CONSTANT_CONVERSION = YES;
				CLANG_WARN_DEPRECATED_OBJC_IMPLEMENTATIONS = YES;
				CLANG_WARN_DIRECT_OBJC_ISA_USAGE = YES_ERROR;
				CLANG_WARN_DOCUMENTATION_COMMENTS = YES;
				CLANG_WARN_EMPTY_BODY = YES;
				CLANG_WARN_ENUM_CONVERSION = YES;
				CLANG_WARN_INFINITE_RECURSION = YES;
				CLANG_WARN_INT_CONVERSION = YES;
				CLANG_WARN_NON_LITERAL_NULL_CONVERSION = YES;
				CLANG_WARN_OBJC_IMPLICIT_RETAIN_SELF = YES;
				CLANG_WARN_OBJC_LITERAL_CONVERSION = YES;
				CLANG_WARN_OBJC_ROOT_CLASS = YES_ERROR;
				CLANG_WARN_QUOTED_INCLUDE_IN_FRAMEWORK_HEADER = YES;
				CLANG_WARN_RANGE_LOOP_ANALYSIS = YES;
				CLANG_WARN_STRICT_PROTOTYPES = YES;
				CLANG_WARN_SUSPICIOUS_MOVE = YES;
				CLANG_WARN_UNGUARDED_AVAILABILITY = YES_AGGRESSIVE;
				CLANG_WARN_UNREACHABLE_CODE = YES;
				CLANG_WARN__DUPLICATE_METHOD_MATCH = YES;
				COPY_PHASE_STRIP = NO;
				DEBUG_INFORMATION_FORMAT = "dwarf-with-dsym";
				ENABLE_NS_ASSERTIONS = NO;
				ENABLE_STRICT_OBJC_MSGSEND = YES;
				GCC_C_LANGUAGE_STANDARD = gnu11;
				GCC_NO_COMMON_BLOCKS = YES;
				GCC_WARN_64_TO_32_BIT_CONVERSION = YES;
				GCC_WARN_ABOUT_RETURN_TYPE = YES_ERROR;
				GCC_WARN_UNDECLARED_SELECTOR = YES;
				GCC_WARN_UNINITIALIZED_AUTOS = YES_AGGRESSIVE;
				GCC_WARN_UNUSED_FUNCTION = YES;
				GCC_WARN_UNUSED_VARIABLE = YES;
				IPHONEOS_DEPLOYMENT_TARGET = 14.0;
				MTL_ENABLE_DEBUG_INFO = NO;
				MTL_FAST_MATH = YES;
				SDKROOT = iphoneos;
				SWIFT_COMPILATION_MODE = wholemodule;
				SWIFT_OPTIMIZATION_LEVEL = "-O";
				VALIDATE_PRODUCT = YES;
			};
			name = Release;
		};
		A7F2AEA7252A2B3B00103E1B /* Debug */ = {
			isa = XCBuildConfiguration;
			buildSettings = {
				ASSETCATALOG_COMPILER_APPICON_NAME = AppIcon;
				ASSETCATALOG_COMPILER_GLOBAL_ACCENT_COLOR_NAME = AccentColor;
				CODE_SIGN_STYLE = Automatic;
				DEVELOPMENT_ASSET_PATHS = "\"Card Viewer/Preview Content\"";
				DEVELOPMENT_TEAM = TR5Z37W278;
				ENABLE_PREVIEWS = YES;
				INFOPLIST_FILE = "Card Viewer/Info.plist";
				IPHONEOS_DEPLOYMENT_TARGET = 14.0;
				LD_RUNPATH_SEARCH_PATHS = (
					"$(inherited)",
					"@executable_path/Frameworks",
				);
				PRODUCT_BUNDLE_IDENTIFIER = "com.valentinsilvera.Card-Viewer";
				PRODUCT_NAME = "$(TARGET_NAME)";
				SWIFT_VERSION = 5.0;
				TARGETED_DEVICE_FAMILY = "1,2";
			};
			name = Debug;
		};
		A7F2AEA8252A2B3B00103E1B /* Release */ = {
			isa = XCBuildConfiguration;
			buildSettings = {
				ASSETCATALOG_COMPILER_APPICON_NAME = AppIcon;
				ASSETCATALOG_COMPILER_GLOBAL_ACCENT_COLOR_NAME = AccentColor;
				CODE_SIGN_STYLE = Automatic;
				DEVELOPMENT_ASSET_PATHS = "\"Card Viewer/Preview Content\"";
				DEVELOPMENT_TEAM = TR5Z37W278;
				ENABLE_PREVIEWS = YES;
				INFOPLIST_FILE = "Card Viewer/Info.plist";
				IPHONEOS_DEPLOYMENT_TARGET = 14.0;
				LD_RUNPATH_SEARCH_PATHS = (
					"$(inherited)",
					"@executable_path/Frameworks",
				);
				PRODUCT_BUNDLE_IDENTIFIER = "com.valentinsilvera.Card-Viewer";
				PRODUCT_NAME = "$(TARGET_NAME)";
				SWIFT_VERSION = 5.0;
				TARGETED_DEVICE_FAMILY = "1,2";
			};
			name = Release;
		};
		A7F2AEAA252A2B3B00103E1B /* Debug */ = {
			isa = XCBuildConfiguration;
			buildSettings = {
				ALWAYS_EMBED_SWIFT_STANDARD_LIBRARIES = YES;
				BUNDLE_LOADER = "$(TEST_HOST)";
				CODE_SIGN_STYLE = Automatic;
				DEVELOPMENT_TEAM = TR5Z37W278;
				INFOPLIST_FILE = "Card ViewerTests/Info.plist";
				IPHONEOS_DEPLOYMENT_TARGET = 14.0;
				LD_RUNPATH_SEARCH_PATHS = (
					"$(inherited)",
					"@executable_path/Frameworks",
					"@loader_path/Frameworks",
				);
				PRODUCT_BUNDLE_IDENTIFIER = "com.valentinsilvera.Card-ViewerTests";
				PRODUCT_NAME = "$(TARGET_NAME)";
				SWIFT_VERSION = 5.0;
				TARGETED_DEVICE_FAMILY = "1,2";
				TEST_HOST = "$(BUILT_PRODUCTS_DIR)/Card Viewer.app/Card Viewer";
			};
			name = Debug;
		};
		A7F2AEAB252A2B3B00103E1B /* Release */ = {
			isa = XCBuildConfiguration;
			buildSettings = {
				ALWAYS_EMBED_SWIFT_STANDARD_LIBRARIES = YES;
				BUNDLE_LOADER = "$(TEST_HOST)";
				CODE_SIGN_STYLE = Automatic;
				DEVELOPMENT_TEAM = TR5Z37W278;
				INFOPLIST_FILE = "Card ViewerTests/Info.plist";
				IPHONEOS_DEPLOYMENT_TARGET = 14.0;
				LD_RUNPATH_SEARCH_PATHS = (
					"$(inherited)",
					"@executable_path/Frameworks",
					"@loader_path/Frameworks",
				);
				PRODUCT_BUNDLE_IDENTIFIER = "com.valentinsilvera.Card-ViewerTests";
				PRODUCT_NAME = "$(TARGET_NAME)";
				SWIFT_VERSION = 5.0;
				TARGETED_DEVICE_FAMILY = "1,2";
				TEST_HOST = "$(BUILT_PRODUCTS_DIR)/Card Viewer.app/Card Viewer";
			};
			name = Release;
		};
		A7F2AEAD252A2B3B00103E1B /* Debug */ = {
			isa = XCBuildConfiguration;
			buildSettings = {
				ALWAYS_EMBED_SWIFT_STANDARD_LIBRARIES = YES;
				CODE_SIGN_STYLE = Automatic;
				DEVELOPMENT_TEAM = TR5Z37W278;
				INFOPLIST_FILE = "Card ViewerUITests/Info.plist";
				LD_RUNPATH_SEARCH_PATHS = (
					"$(inherited)",
					"@executable_path/Frameworks",
					"@loader_path/Frameworks",
				);
				PRODUCT_BUNDLE_IDENTIFIER = "com.valentinsilvera.Card-ViewerUITests";
				PRODUCT_NAME = "$(TARGET_NAME)";
				SWIFT_VERSION = 5.0;
				TARGETED_DEVICE_FAMILY = "1,2";
				TEST_TARGET_NAME = "Card Viewer";
			};
			name = Debug;
		};
		A7F2AEAE252A2B3B00103E1B /* Release */ = {
			isa = XCBuildConfiguration;
			buildSettings = {
				ALWAYS_EMBED_SWIFT_STANDARD_LIBRARIES = YES;
				CODE_SIGN_STYLE = Automatic;
				DEVELOPMENT_TEAM = TR5Z37W278;
				INFOPLIST_FILE = "Card ViewerUITests/Info.plist";
				LD_RUNPATH_SEARCH_PATHS = (
					"$(inherited)",
					"@executable_path/Frameworks",
					"@loader_path/Frameworks",
				);
				PRODUCT_BUNDLE_IDENTIFIER = "com.valentinsilvera.Card-ViewerUITests";
				PRODUCT_NAME = "$(TARGET_NAME)";
				SWIFT_VERSION = 5.0;
				TARGETED_DEVICE_FAMILY = "1,2";
				TEST_TARGET_NAME = "Card Viewer";
			};
			name = Release;
		};
/* End XCBuildConfiguration section */

/* Begin XCConfigurationList section */
		A7F2AE7C252A2B3A00103E1B /* Build configuration list for PBXProject "Card Viewer" */ = {
			isa = XCConfigurationList;
			buildConfigurations = (
				A7F2AEA4252A2B3B00103E1B /* Debug */,
				A7F2AEA5252A2B3B00103E1B /* Release */,
			);
			defaultConfigurationIsVisible = 0;
			defaultConfigurationName = Release;
		};
		A7F2AEA6252A2B3B00103E1B /* Build configuration list for PBXNativeTarget "Card Viewer" */ = {
			isa = XCConfigurationList;
			buildConfigurations = (
				A7F2AEA7252A2B3B00103E1B /* Debug */,
				A7F2AEA8252A2B3B00103E1B /* Release */,
			);
			defaultConfigurationIsVisible = 0;
			defaultConfigurationName = Release;
		};
		A7F2AEA9252A2B3B00103E1B /* Build configuration list for PBXNativeTarget "Card ViewerTests" */ = {
			isa = XCConfigurationList;
			buildConfigurations = (
				A7F2AEAA252A2B3B00103E1B /* Debug */,
				A7F2AEAB252A2B3B00103E1B /* Release */,
			);
			defaultConfigurationIsVisible = 0;
			defaultConfigurationName = Release;
		};
		A7F2AEAC252A2B3B00103E1B /* Build configuration list for PBXNativeTarget "Card ViewerUITests" */ = {
			isa = XCConfigurationList;
			buildConfigurations = (
				A7F2AEAD252A2B3B00103E1B /* Debug */,
				A7F2AEAE252A2B3B00103E1B /* Release */,
			);
			defaultConfigurationIsVisible = 0;
			defaultConfigurationName = Release;
		};
/* End XCConfigurationList section */
	};
	rootObject = A7F2AE79252A2B3A00103E1B /* Project object */;
}
